
Microsoft Visual Studio Solution File, Format Version 12.00
# Visual Studio 14
VisualStudioVersion = 14.0.23107.0
MinimumVisualStudioVersion = 10.0.40219.1
Project("{FAE04EC0-301F-11D3-BF4B-00C04F79EFBC}") = "DSA_ManuMathews_Assignment 3", "DSA_ManuMathews_Assignment 3\DSA_ManuMathews_Assignment 3.csproj", "{91E451FD-F087-4F36-A05C-54C8C34005C8}"
EndProject
Global
	GlobalSection(SolutionConfigurationPlatforms) = preSolution
		Debug|Any CPU = Debug|Any CPU
		Release|Any CPU = Release|Any CPU
	EndGlobalSection
	GlobalSection(ProjectConfigurationPlatforms) = postSolution
		{91E451FD-F087-4F36-A05C-54C8C34005C8}.Debug|Any CPU.ActiveCfg = Debug|Any CPU
		{91E451FD-F087-4F36-A05C-54C8C34005C8}.Debug|Any CPU.Build.0 = Debug|Any CPU
		{91E451FD-F087-4F36-A05C-54C8C34005C8}.Release|Any CPU.ActiveCfg = Release|Any CPU
		{91E451FD-F087-4F36-A05C-54C8C34005C8}.Release|Any CPU.Build.0 = Release|Any CPU
	EndGlobalSection
	GlobalSection(SolutionProperties) = preSolution
		HideSolutionNode = FALSE
	EndGlobalSection
EndGlobal
